
Microsoft Visual Studio Solution File, Format Version 12.00
# Visual Studio 15
VisualStudioVersion = 15.0.27004.2006
MinimumVisualStudioVersion = 10.0.40219.1
Project("{FAE04EC0-301F-11D3-BF4B-00C04F79EFBC}") = "Lap6DiceRoll", "Lap6DiceRoll\Lap6DiceRoll.csproj", "{C5469C29-9D27-4736-B0D8-2D68ABA52E95}"
EndProject
Project("{2150E333-8FDC-42A3-9474-1A3956D46DE8}") = "Solution Items", "Solution Items", "{6CC47494-AC53-4754-9020-9986AF7837A4}"
	ProjectSection(SolutionItems) = preProject
		.gitignore = .gitignore
	EndProjectSection
EndProject
Global
	GlobalSection(SolutionConfigurationPlatforms) = preSolution
		Debug|Any CPU = Debug|Any CPU
		Release|Any CPU = Release|Any CPU
	EndGlobalSection
	GlobalSection(ProjectConfigurationPlatforms) = postSolution
		{C5469C29-9D27-4736-B0D8-2D68ABA52E95}.Debug|Any CPU.ActiveCfg = Debug|Any CPU
		{C5469C29-9D27-4736-B0D8-2D68ABA52E95}.Debug|Any CPU.Build.0 = Debug|Any CPU
		{C5469C29-9D27-4736-B0D8-2D68ABA52E95}.Release|Any CPU.ActiveCfg = Release|Any CPU
		{C5469C29-9D27-4736-B0D8-2D68ABA52E95}.Release|Any CPU.Build.0 = Release|Any CPU
	EndGlobalSection
	GlobalSection(SolutionProperties) = preSolution
		HideSolutionNode = FALSE
	EndGlobalSection
	GlobalSection(ExtensibilityGlobals) = postSolution
		SolutionGuid = {08460698-A65F-423E-8906-1D00578422A5}
	EndGlobalSection
EndGlobal
